
Microsoft Visual Studio Solution File, Format Version 12.00
# Visual Studio Version 16
VisualStudioVersion = 16.0.30611.23
MinimumVisualStudioVersion = 10.0.40219.1
Project("{FAE04EC0-301F-11D3-BF4B-00C04F79EFBC}") = "AspCoreAPICodeFirst", "AspCoreAPICodeFirst\AspCoreAPICodeFirst.csproj", "{3E6D96FE-BCA2-432F-A53C-5B3409A24A2B}"
EndProject
Global
	GlobalSection(SolutionConfigurationPlatforms) = preSolution
		Debug|Any CPU = Debug|Any CPU
		Release|Any CPU = Release|Any CPU
	EndGlobalSection
	GlobalSection(ProjectConfigurationPlatforms) = postSolution
		{3E6D96FE-BCA2-432F-A53C-5B3409A24A2B}.Debug|Any CPU.ActiveCfg = Debug|Any CPU
		{3E6D96FE-BCA2-432F-A53C-5B3409A24A2B}.Debug|Any CPU.Build.0 = Debug|Any CPU
		{3E6D96FE-BCA2-432F-A53C-5B3409A24A2B}.Release|Any CPU.ActiveCfg = Release|Any CPU
		{3E6D96FE-BCA2-432F-A53C-5B3409A24A2B}.Release|Any CPU.Build.0 = Release|Any CPU
	EndGlobalSection
	GlobalSection(SolutionProperties) = preSolution
		HideSolutionNode = FALSE
	EndGlobalSection
	GlobalSection(ExtensibilityGlobals) = postSolution
		SolutionGuid = {AC9C8B3E-7A15-4F6F-B914-4D16CD584D5D}
	EndGlobalSection
EndGlobal
